
Microsoft Visual Studio Solution File, Format Version 12.00
# Visual Studio 15
VisualStudioVersion = 15.0.27004.2009
MinimumVisualStudioVersion = 10.0.40219.1
Project("{2150E333-8FDC-42A3-9474-1A3956D46DE8}") = "Common", "Common", "{31C4845B-11C1-4077-A424-C292FFC2C38E}"
EndProject
Project("{2150E333-8FDC-42A3-9474-1A3956D46DE8}") = "Examples", "Examples", "{F2393CAB-989D-4529-A597-4A166B2728EC}"
EndProject
Project("{2150E333-8FDC-42A3-9474-1A3956D46DE8}") = "ConsoleExample", "ConsoleExample", "{6C31BCAE-8473-4337-A864-CD25C171EBBB}"
EndProject
Project("{FAE04EC0-301F-11D3-BF4B-00C04F79EFBC}") = "Rcon", "Common\Rcon\Rcon.csproj", "{E542A19E-C8CE-4273-8244-7F6B475A4BC1}"
EndProject
Global
	GlobalSection(SolutionConfigurationPlatforms) = preSolution
		Debug|Any CPU = Debug|Any CPU
		Release|Any CPU = Release|Any CPU
	EndGlobalSection
	GlobalSection(ProjectConfigurationPlatforms) = postSolution
		{E542A19E-C8CE-4273-8244-7F6B475A4BC1}.Debug|Any CPU.ActiveCfg = Debug|Any CPU
		{E542A19E-C8CE-4273-8244-7F6B475A4BC1}.Debug|Any CPU.Build.0 = Debug|Any CPU
		{E542A19E-C8CE-4273-8244-7F6B475A4BC1}.Release|Any CPU.ActiveCfg = Release|Any CPU
		{E542A19E-C8CE-4273-8244-7F6B475A4BC1}.Release|Any CPU.Build.0 = Release|Any CPU
	EndGlobalSection
	GlobalSection(SolutionProperties) = preSolution
		HideSolutionNode = FALSE
	EndGlobalSection
	GlobalSection(NestedProjects) = preSolution
		{6C31BCAE-8473-4337-A864-CD25C171EBBB} = {F2393CAB-989D-4529-A597-4A166B2728EC}
		{E542A19E-C8CE-4273-8244-7F6B475A4BC1} = {31C4845B-11C1-4077-A424-C292FFC2C38E}
	EndGlobalSection
	GlobalSection(ExtensibilityGlobals) = postSolution
		SolutionGuid = {C1B94DB3-C260-49C6-910E-42920D73630C}
	EndGlobalSection
EndGlobal
